
Microsoft Visual Studio Solution File, Format Version 12.00
# Visual Studio Version 16
VisualStudioVersion = 16.0.30104.148
MinimumVisualStudioVersion = 10.0.40219.1
Project("{8BC9CEB8-8B4A-11D0-8D11-00A0C91BC942}") = "FindPattern", "FindPattern.vcxproj", "{263272AD-79ED-4723-AE2A-7049B63BE303}"
EndProject
Project("{8BC9CEB8-8B4A-11D0-8D11-00A0C91BC942}") = "DollarN", "Tools\DollarNGestureRecognizer-cpp-RG\DollarN\DollarN.vcxproj", "{F3B4F6CA-4AA9-4F4D-A131-5F90197FE0D7}"
EndProject
Global
	GlobalSection(SolutionConfigurationPlatforms) = preSolution
		Debug|x64 = Debug|x64
		Debug|x86 = Debug|x86
		Release|x64 = Release|x64
		Release|x86 = Release|x86
	EndGlobalSection
	GlobalSection(ProjectConfigurationPlatforms) = postSolution
		{263272AD-79ED-4723-AE2A-7049B63BE303}.Debug|x64.ActiveCfg = Debug|x64
		{263272AD-79ED-4723-AE2A-7049B63BE303}.Debug|x64.Build.0 = Debug|x64
		{263272AD-79ED-4723-AE2A-7049B63BE303}.Debug|x86.ActiveCfg = Debug|Win32
		{263272AD-79ED-4723-AE2A-7049B63BE303}.Debug|x86.Build.0 = Debug|Win32
		{263272AD-79ED-4723-AE2A-7049B63BE303}.Release|x64.ActiveCfg = Release|x64
		{263272AD-79ED-4723-AE2A-7049B63BE303}.Release|x64.Build.0 = Release|x64
		{263272AD-79ED-4723-AE2A-7049B63BE303}.Release|x86.ActiveCfg = Release|Win32
		{263272AD-79ED-4723-AE2A-7049B63BE303}.Release|x86.Build.0 = Release|Win32
		{F3B4F6CA-4AA9-4F4D-A131-5F90197FE0D7}.Debug|x64.ActiveCfg = Debug|x64
		{F3B4F6CA-4AA9-4F4D-A131-5F90197FE0D7}.Debug|x64.Build.0 = Debug|x64
		{F3B4F6CA-4AA9-4F4D-A131-5F90197FE0D7}.Debug|x86.ActiveCfg = Debug|Win32
		{F3B4F6CA-4AA9-4F4D-A131-5F90197FE0D7}.Debug|x86.Build.0 = Debug|Win32
		{F3B4F6CA-4AA9-4F4D-A131-5F90197FE0D7}.Release|x64.ActiveCfg = Release|x64
		{F3B4F6CA-4AA9-4F4D-A131-5F90197FE0D7}.Release|x64.Build.0 = Release|x64
		{F3B4F6CA-4AA9-4F4D-A131-5F90197FE0D7}.Release|x86.ActiveCfg = Release|Win32
		{F3B4F6CA-4AA9-4F4D-A131-5F90197FE0D7}.Release|x86.Build.0 = Release|Win32
	EndGlobalSection
	GlobalSection(SolutionProperties) = preSolution
		HideSolutionNode = FALSE
	EndGlobalSection
	GlobalSection(ExtensibilityGlobals) = postSolution
		SolutionGuid = {553B1D3E-C3F1-41D2-903B-6DDA8CCAC894}
	EndGlobalSection
EndGlobal
